// !$*UTF8*$!
{
	archiveVersion = 1;
	classes = {
	};
	objectVersion = 46;
	objects = {

/* Begin PBXBuildFile section */
		C4A8687519A4819F00145917 /* Foundation.framework in Frameworks */ = {isa = PBXBuildFile; fileRef = C4A8687419A4819F00145917 /* Foundation.framework */; };
		C4A8687719A4819F00145917 /* CoreGraphics.framework in Frameworks */ = {isa = PBXBuildFile; fileRef = C4A8687619A4819F00145917 /* CoreGraphics.framework */; };
		C4A8687919A4819F00145917 /* UIKit.framework in Frameworks */ = {isa = PBXBuildFile; fileRef = C4A8687819A4819F00145917 /* UIKit.framework */; };
		C4A8687F19A4819F00145917 /* InfoPlist.strings in Resources */ = {isa = PBXBuildFile; fileRef = C4A8687D19A4819F00145917 /* InfoPlist.strings */; };
		C4A8688119A4819F00145917 /* main.m in Sources */ = {isa = PBXBuildFile; fileRef = C4A8688019A4819F00145917 /* main.m */; };
		C4A8688519A4819F00145917 /* AppDelegate.m in Sources */ = {isa = PBXBuildFile; fileRef = C4A8688419A4819F00145917 /* AppDelegate.m */; };
		C4A8688819A4819F00145917 /* Main.storyboard in Resources */ = {isa = PBXBuildFile; fileRef = C4A8688619A4819F00145917 /* Main.storyboard */; };
		C4A8688B19A4819F00145917 /* ViewController.m in Sources */ = {isa = PBXBuildFile; fileRef = C4A8688A19A4819F00145917 /* ViewController.m */; };
		C4A8688D19A4819F00145917 /* Images.xcassets in Resources */ = {isa = PBXBuildFile; fileRef = C4A8688C19A4819F00145917 /* Images.xcassets */; };
		C4A8689419A4819F00145917 /* XCTest.framework in Frameworks */ = {isa = PBXBuildFile; fileRef = C4A8689319A4819F00145917 /* XCTest.framework */; };
		C4A8689519A4819F00145917 /* Foundation.framework in Frameworks */ = {isa = PBXBuildFile; fileRef = C4A8687419A4819F00145917 /* Foundation.framework */; };
		C4A8689619A4819F00145917 /* UIKit.framework in Frameworks */ = {isa = PBXBuildFile; fileRef = C4A8687819A4819F00145917 /* UIKit.framework */; };
		C4A8689E19A4819F00145917 /* InfoPlist.strings in Resources */ = {isa = PBXBuildFile; fileRef = C4A8689C19A4819F00145917 /* InfoPlist.strings */; };
		C4A868A019A4819F00145917 /* SoftModemTerminalTests.m in Sources */ = {isa = PBXBuildFile; fileRef = C4A8689F19A4819F00145917 /* SoftModemTerminalTests.m */; };
		C4A868C619A481DB00145917 /* AudioQueueObject.m in Sources */ = {isa = PBXBuildFile; fileRef = C4A868AA19A481DB00145917 /* AudioQueueObject.m */; };
		C4A868C719A481DB00145917 /* AudioSignalAnalyzer.m in Sources */ = {isa = PBXBuildFile; fileRef = C4A868AC19A481DB00145917 /* AudioSignalAnalyzer.m */; };
		C4A868C819A481DB00145917 /* AudioSignalGenerator.m in Sources */ = {isa = PBXBuildFile; fileRef = C4A868AE19A481DB00145917 /* AudioSignalGenerator.m */; };
		C4A868C919A481DB00145917 /* FlipsideViewController.m in Sources */ = {isa = PBXBuildFile; fileRef = C4A868B119A481DB00145917 /* FlipsideViewController.m */; };
		C4A868CA19A481DB00145917 /* FSKRecognizer.mm in Sources */ = {isa = PBXBuildFile; fileRef = C4A868B519A481DB00145917 /* FSKRecognizer.mm */; };
		C4A868CB19A481DB00145917 /* FSKSerialGenerator.mm in Sources */ = {isa = PBXBuildFile; fileRef = C4A868B719A481DB00145917 /* FSKSerialGenerator.mm */; };
		C4A868CC19A481DB00145917 /* MainViewController.m in Sources */ = {isa = PBXBuildFile; fileRef = C4A868BA19A481DB00145917 /* MainViewController.m */; };
		C4A868CD19A481DB00145917 /* MultiDelegate.m in Sources */ = {isa = PBXBuildFile; fileRef = C4A868BC19A481DB00145917 /* MultiDelegate.m */; };
		C4A868CE19A481DB00145917 /* SoftModemTerminalAppDelegate.m in Sources */ = {isa = PBXBuildFile; fileRef = C4A868BF19A481DB00145917 /* SoftModemTerminalAppDelegate.m */; };
		C4A868CF19A481DB00145917 /* FlipsideView.xib in Resources */ = {isa = PBXBuildFile; fileRef = C4A868C019A481DB00145917 /* FlipsideView.xib */; };
		C4A868D019A481DB00145917 /* main.m in Sources */ = {isa = PBXBuildFile; fileRef = C4A868C119A481DB00145917 /* main.m */; };
		C4A868D119A481DB00145917 /* MainView.xib in Resources */ = {isa = PBXBuildFile; fileRef = C4A868C219A481DB00145917 /* MainView.xib */; };
		C4A868D219A481DB00145917 /* MainWindow.xib in Resources */ = {isa = PBXBuildFile; fileRef = C4A868C319A481DB00145917 /* MainWindow.xib */; };
		C4A868D319A481DB00145917 /* SoftModemTerminal-Info.plist in Resources */ = {isa = PBXBuildFile; fileRef = C4A868C519A481DB00145917 /* SoftModemTerminal-Info.plist */; };
		C4A868D519A48C5D00145917 /* AudioToolbox.framework in Frameworks */ = {isa = PBXBuildFile; fileRef = C4A868D419A48C5D00145917 /* AudioToolbox.framework */; };
		C4A868D719A48C6500145917 /* AVFoundation.framework in Frameworks */ = {isa = PBXBuildFile; fileRef = C4A868D619A48C6500145917 /* AVFoundation.framework */; };
/* End PBXBuildFile section */

/* Begin PBXContainerItemProxy section */
		C4A8689719A4819F00145917 /* PBXContainerItemProxy */ = {
			isa = PBXContainerItemProxy;
			containerPortal = C4A8686919A4819F00145917 /* Project object */;
			proxyType = 1;
			remoteGlobalIDString = C4A8687019A4819F00145917;
			remoteInfo = SoftModemTerminal;
		};
/* End PBXContainerItemProxy section */

/* Begin PBXFileReference section */
		C4A8687119A4819F00145917 /* SoftModemTerminal.app */ = {isa = PBXFileReference; explicitFileType = wrapper.application; includeInIndex = 0; path = SoftModemTerminal.app; sourceTree = BUILT_PRODUCTS_DIR; };
		C4A8687419A4819F00145917 /* Foundation.framework */ = {isa = PBXFileReference; lastKnownFileType = wrapper.framework; name = Foundation.framework; path = System/Library/Frameworks/Foundation.framework; sourceTree = SDKROOT; };
		C4A8687619A4819F00145917 /* CoreGraphics.framework */ = {isa = PBXFileReference; lastKnownFileType = wrapper.framework; name = CoreGraphics.framework; path = System/Library/Frameworks/CoreGraphics.framework; sourceTree = SDKROOT; };
		C4A8687819A4819F00145917 /* UIKit.framework */ = {isa = PBXFileReference; lastKnownFileType = wrapper.framework; name = UIKit.framework; path = System/Library/Frameworks/UIKit.framework; sourceTree = SDKROOT; };
		C4A8687C19A4819F00145917 /* SoftModemTerminal-Info.plist */ = {isa = PBXFileReference; lastKnownFileType = text.plist.xml; path = "SoftModemTerminal-Info.plist"; sourceTree = "<group>"; };
		C4A8687E19A4819F00145917 /* en */ = {isa = PBXFileReference; lastKnownFileType = text.plist.strings; name = en; path = en.lproj/InfoPlist.strings; sourceTree = "<group>"; };
		C4A8688019A4819F00145917 /* main.m */ = {isa = PBXFileReference; lastKnownFileType = sourcecode.c.objc; path = main.m; sourceTree = "<group>"; };
		C4A8688219A4819F00145917 /* SoftModemTerminal-Prefix.pch */ = {isa = PBXFileReference; lastKnownFileType = sourcecode.c.h; path = "SoftModemTerminal-Prefix.pch"; sourceTree = "<group>"; };
		C4A8688319A4819F00145917 /* AppDelegate.h */ = {isa = PBXFileReference; lastKnownFileType = sourcecode.c.h; path = AppDelegate.h; sourceTree = "<group>"; };
		C4A8688419A4819F00145917 /* AppDelegate.m */ = {isa = PBXFileReference; lastKnownFileType = sourcecode.c.objc; path = AppDelegate.m; sourceTree = "<group>"; };
		C4A8688719A4819F00145917 /* Base */ = {isa = PBXFileReference; lastKnownFileType = file.storyboard; name = Base; path = Base.lproj/Main.storyboard; sourceTree = "<group>"; };
		C4A8688919A4819F00145917 /* ViewController.h */ = {isa = PBXFileReference; lastKnownFileType = sourcecode.c.h; path = ViewController.h; sourceTree = "<group>"; };
		C4A8688A19A4819F00145917 /* ViewController.m */ = {isa = PBXFileReference; lastKnownFileType = sourcecode.c.objc; path = ViewController.m; sourceTree = "<group>"; };
		C4A8688C19A4819F00145917 /* Images.xcassets */ = {isa = PBXFileReference; lastKnownFileType = folder.assetcatalog; path = Images.xcassets; sourceTree = "<group>"; };
		C4A8689219A4819F00145917 /* SoftModemTerminalTests.xctest */ = {isa = PBXFileReference; explicitFileType = wrapper.cfbundle; includeInIndex = 0; path = SoftModemTerminalTests.xctest; sourceTree = BUILT_PRODUCTS_DIR; };
		C4A8689319A4819F00145917 /* XCTest.framework */ = {isa = PBXFileReference; lastKnownFileType = wrapper.framework; name = XCTest.framework; path = Library/Frameworks/XCTest.framework; sourceTree = DEVELOPER_DIR; };
		C4A8689B19A4819F00145917 /* SoftModemTerminalTests-Info.plist */ = {isa = PBXFileReference; lastKnownFileType = text.plist.xml; path = "SoftModemTerminalTests-Info.plist"; sourceTree = "<group>"; };
		C4A8689D19A4819F00145917 /* en */ = {isa = PBXFileReference; lastKnownFileType = text.plist.strings; name = en; path = en.lproj/InfoPlist.strings; sourceTree = "<group>"; };
		C4A8689F19A4819F00145917 /* SoftModemTerminalTests.m */ = {isa = PBXFileReference; lastKnownFileType = sourcecode.c.objc; path = SoftModemTerminalTests.m; sourceTree = "<group>"; };
		C4A868A919A481DB00145917 /* AudioQueueObject.h */ = {isa = PBXFileReference; fileEncoding = 4; lastKnownFileType = sourcecode.c.h; path = AudioQueueObject.h; sourceTree = "<group>"; };
		C4A868AA19A481DB00145917 /* AudioQueueObject.m */ = {isa = PBXFileReference; fileEncoding = 4; lastKnownFileType = sourcecode.c.objc; path = AudioQueueObject.m; sourceTree = "<group>"; };
		C4A868AB19A481DB00145917 /* AudioSignalAnalyzer.h */ = {isa = PBXFileReference; fileEncoding = 4; lastKnownFileType = sourcecode.c.h; path = AudioSignalAnalyzer.h; sourceTree = "<group>"; };
		C4A868AC19A481DB00145917 /* AudioSignalAnalyzer.m */ = {isa = PBXFileReference; fileEncoding = 4; lastKnownFileType = sourcecode.c.objc; path = AudioSignalAnalyzer.m; sourceTree = "<group>"; };
		C4A868AD19A481DB00145917 /* AudioSignalGenerator.h */ = {isa = PBXFileReference; fileEncoding = 4; lastKnownFileType = sourcecode.c.h; path = AudioSignalGenerator.h; sourceTree = "<group>"; };
		C4A868AE19A481DB00145917 /* AudioSignalGenerator.m */ = {isa = PBXFileReference; fileEncoding = 4; lastKnownFileType = sourcecode.c.objc; path = AudioSignalGenerator.m; sourceTree = "<group>"; };
		C4A868AF19A481DB00145917 /* CharReceiver.h */ = {isa = PBXFileReference; fileEncoding = 4; lastKnownFileType = sourcecode.c.h; path = CharReceiver.h; sourceTree = "<group>"; };
		C4A868B019A481DB00145917 /* FlipsideViewController.h */ = {isa = PBXFileReference; fileEncoding = 4; lastKnownFileType = sourcecode.c.h; path = FlipsideViewController.h; sourceTree = "<group>"; };
		C4A868B119A481DB00145917 /* FlipsideViewController.m */ = {isa = PBXFileReference; fileEncoding = 4; lastKnownFileType = sourcecode.c.objc; path = FlipsideViewController.m; sourceTree = "<group>"; };
		C4A868B219A481DB00145917 /* FSKByteQueue.h */ = {isa = PBXFileReference; fileEncoding = 4; lastKnownFileType = sourcecode.c.h; path = FSKByteQueue.h; sourceTree = "<group>"; };
		C4A868B319A481DB00145917 /* FSKModemConfig.h */ = {isa = PBXFileReference; fileEncoding = 4; lastKnownFileType = sourcecode.c.h; path = FSKModemConfig.h; sourceTree = "<group>"; };
		C4A868B419A481DB00145917 /* FSKRecognizer.h */ = {isa = PBXFileReference; fileEncoding = 4; lastKnownFileType = sourcecode.c.h; path = FSKRecognizer.h; sourceTree = "<group>"; };
		C4A868B519A481DB00145917 /* FSKRecognizer.mm */ = {isa = PBXFileReference; fileEncoding = 4; lastKnownFileType = sourcecode.cpp.objcpp; path = FSKRecognizer.mm; sourceTree = "<group>"; };
		C4A868B619A481DB00145917 /* FSKSerialGenerator.h */ = {isa = PBXFileReference; fileEncoding = 4; lastKnownFileType = sourcecode.c.h; path = FSKSerialGenerator.h; sourceTree = "<group>"; };
		C4A868B719A481DB00145917 /* FSKSerialGenerator.mm */ = {isa = PBXFileReference; fileEncoding = 4; lastKnownFileType = sourcecode.cpp.objcpp; path = FSKSerialGenerator.mm; sourceTree = "<group>"; };
		C4A868B819A481DB00145917 /* lockfree.h */ = {isa = PBXFileReference; fileEncoding = 4; lastKnownFileType = sourcecode.c.h; path = lockfree.h; sourceTree = "<group>"; };
		C4A868B919A481DB00145917 /* MainViewController.h */ = {isa = PBXFileReference; fileEncoding = 4; lastKnownFileType = sourcecode.c.h; path = MainViewController.h; sourceTree = "<group>"; };
		C4A868BA19A481DB00145917 /* MainViewController.m */ = {isa = PBXFileReference; fileEncoding = 4; lastKnownFileType = sourcecode.c.objc; path = MainViewController.m; sourceTree = "<group>"; };
		C4A868BB19A481DB00145917 /* MultiDelegate.h */ = {isa = PBXFileReference; fileEncoding = 4; lastKnownFileType = sourcecode.c.h; path = MultiDelegate.h; sourceTree = "<group>"; };
		C4A868BC19A481DB00145917 /* MultiDelegate.m */ = {isa = PBXFileReference; fileEncoding = 4; lastKnownFileType = sourcecode.c.objc; path = MultiDelegate.m; sourceTree = "<group>"; };
		C4A868BD19A481DB00145917 /* PatternRecognizer.h */ = {isa = PBXFileReference; fileEncoding = 4; lastKnownFileType = sourcecode.c.h; path = PatternRecognizer.h; sourceTree = "<group>"; };
		C4A868BE19A481DB00145917 /* SoftModemTerminalAppDelegate.h */ = {isa = PBXFileReference; fileEncoding = 4; lastKnownFileType = sourcecode.c.h; path = SoftModemTerminalAppDelegate.h; sourceTree = "<group>"; };
		C4A868BF19A481DB00145917 /* SoftModemTerminalAppDelegate.m */ = {isa = PBXFileReference; fileEncoding = 4; lastKnownFileType = sourcecode.c.objc; path = SoftModemTerminalAppDelegate.m; sourceTree = "<group>"; };
		C4A868C019A481DB00145917 /* FlipsideView.xib */ = {isa = PBXFileReference; fileEncoding = 4; lastKnownFileType = file.xib; path = FlipsideView.xib; sourceTree = "<group>"; };
		C4A868C119A481DB00145917 /* main.m */ = {isa = PBXFileReference; fileEncoding = 4; lastKnownFileType = sourcecode.c.objc; path = main.m; sourceTree = "<group>"; };
		C4A868C219A481DB00145917 /* MainView.xib */ = {isa = PBXFileReference; fileEncoding = 4; lastKnownFileType = file.xib; path = MainView.xib; sourceTree = "<group>"; };
		C4A868C319A481DB00145917 /* MainWindow.xib */ = {isa = PBXFileReference; fileEncoding = 4; lastKnownFileType = file.xib; path = MainWindow.xib; sourceTree = "<group>"; };
		C4A868C419A481DB00145917 /* SoftModemTerminal_Prefix.pch */ = {isa = PBXFileReference; fileEncoding = 4; lastKnownFileType = sourcecode.c.h; path = SoftModemTerminal_Prefix.pch; sourceTree = "<group>"; };
		C4A868C519A481DB00145917 /* SoftModemTerminal-Info.plist */ = {isa = PBXFileReference; fileEncoding = 4; lastKnownFileType = text.plist.xml; path = "SoftModemTerminal-Info.plist"; sourceTree = "<group>"; };
		C4A868D419A48C5D00145917 /* AudioToolbox.framework */ = {isa = PBXFileReference; lastKnownFileType = wrapper.framework; name = AudioToolbox.framework; path = System/Library/Frameworks/AudioToolbox.framework; sourceTree = SDKROOT; };
		C4A868D619A48C6500145917 /* AVFoundation.framework */ = {isa = PBXFileReference; lastKnownFileType = wrapper.framework; name = AVFoundation.framework; path = System/Library/Frameworks/AVFoundation.framework; sourceTree = SDKROOT; };
/* End PBXFileReference section */

/* Begin PBXFrameworksBuildPhase section */
		C4A8686E19A4819F00145917 /* Frameworks */ = {
			isa = PBXFrameworksBuildPhase;
			buildActionMask = 2147483647;
			files = (
				C4A868D719A48C6500145917 /* AVFoundation.framework in Frameworks */,
				C4A868D519A48C5D00145917 /* AudioToolbox.framework in Frameworks */,
				C4A8687719A4819F00145917 /* CoreGraphics.framework in Frameworks */,
				C4A8687919A4819F00145917 /* UIKit.framework in Frameworks */,
				C4A8687519A4819F00145917 /* Foundation.framework in Frameworks */,
			);
			runOnlyForDeploymentPostprocessing = 0;
		};
		C4A8688F19A4819F00145917 /* Frameworks */ = {
			isa = PBXFrameworksBuildPhase;
			buildActionMask = 2147483647;
			files = (
				C4A8689419A4819F00145917 /* XCTest.framework in Frameworks */,
				C4A8689619A4819F00145917 /* UIKit.framework in Frameworks */,
				C4A8689519A4819F00145917 /* Foundation.framework in Frameworks */,
			);
			runOnlyForDeploymentPostprocessing = 0;
		};
/* End PBXFrameworksBuildPhase section */

/* Begin PBXGroup section */
		C4A8686819A4819F00145917 = {
			isa = PBXGroup;
			children = (
				C4A8687A19A4819F00145917 /* SoftModemTerminal */,
				C4A8689919A4819F00145917 /* SoftModemTerminalTests */,
				C4A8687319A4819F00145917 /* Frameworks */,
				C4A8687219A4819F00145917 /* Products */,
				C4A868A919A481DB00145917 /* AudioQueueObject.h */,
				C4A868AA19A481DB00145917 /* AudioQueueObject.m */,
				C4A868AB19A481DB00145917 /* AudioSignalAnalyzer.h */,
				C4A868AC19A481DB00145917 /* AudioSignalAnalyzer.m */,
				C4A868AD19A481DB00145917 /* AudioSignalGenerator.h */,
				C4A868AE19A481DB00145917 /* AudioSignalGenerator.m */,
				C4A868AF19A481DB00145917 /* CharReceiver.h */,
				C4A868B019A481DB00145917 /* FlipsideViewController.h */,
				C4A868B119A481DB00145917 /* FlipsideViewController.m */,
				C4A868B219A481DB00145917 /* FSKByteQueue.h */,
				C4A868B319A481DB00145917 /* FSKModemConfig.h */,
				C4A868B419A481DB00145917 /* FSKRecognizer.h */,
				C4A868B519A481DB00145917 /* FSKRecognizer.mm */,
				C4A868B619A481DB00145917 /* FSKSerialGenerator.h */,
				C4A868B719A481DB00145917 /* FSKSerialGenerator.mm */,
				C4A868B819A481DB00145917 /* lockfree.h */,
				C4A868B919A481DB00145917 /* MainViewController.h */,
				C4A868BA19A481DB00145917 /* MainViewController.m */,
				C4A868BB19A481DB00145917 /* MultiDelegate.h */,
				C4A868BC19A481DB00145917 /* MultiDelegate.m */,
				C4A868BD19A481DB00145917 /* PatternRecognizer.h */,
				C4A868BE19A481DB00145917 /* SoftModemTerminalAppDelegate.h */,
				C4A868BF19A481DB00145917 /* SoftModemTerminalAppDelegate.m */,
				C4A868C019A481DB00145917 /* FlipsideView.xib */,
				C4A868C119A481DB00145917 /* main.m */,
				C4A868C219A481DB00145917 /* MainView.xib */,
				C4A868C319A481DB00145917 /* MainWindow.xib */,
				C4A868C419A481DB00145917 /* SoftModemTerminal_Prefix.pch */,
				C4A868C519A481DB00145917 /* SoftModemTerminal-Info.plist */,
			);
			sourceTree = "<group>";
		};
		C4A8687219A4819F00145917 /* Products */ = {
			isa = PBXGroup;
			children = (
				C4A8687119A4819F00145917 /* SoftModemTerminal.app */,
				C4A8689219A4819F00145917 /* SoftModemTerminalTests.xctest */,
			);
			name = Products;
			sourceTree = "<group>";
		};
		C4A8687319A4819F00145917 /* Frameworks */ = {
			isa = PBXGroup;
			children = (
				C4A868D619A48C6500145917 /* AVFoundation.framework */,
				C4A868D419A48C5D00145917 /* AudioToolbox.framework */,
				C4A8687419A4819F00145917 /* Foundation.framework */,
				C4A8687619A4819F00145917 /* CoreGraphics.framework */,
				C4A8687819A4819F00145917 /* UIKit.framework */,
				C4A8689319A4819F00145917 /* XCTest.framework */,
			);
			name = Frameworks;
			sourceTree = "<group>";
		};
		C4A8687A19A4819F00145917 /* SoftModemTerminal */ = {
			isa = PBXGroup;
			children = (
				C4A8688319A4819F00145917 /* AppDelegate.h */,
				C4A8688419A4819F00145917 /* AppDelegate.m */,
				C4A8688619A4819F00145917 /* Main.storyboard */,
				C4A8688919A4819F00145917 /* ViewController.h */,
				C4A8688A19A4819F00145917 /* ViewController.m */,
				C4A8688C19A4819F00145917 /* Images.xcassets */,
				C4A8687B19A4819F00145917 /* Supporting Files */,
			);
			path = SoftModemTerminal;
			sourceTree = "<group>";
		};
		C4A8687B19A4819F00145917 /* Supporting Files */ = {
			isa = PBXGroup;
			children = (
				C4A8687C19A4819F00145917 /* SoftModemTerminal-Info.plist */,
				C4A8687D19A4819F00145917 /* InfoPlist.strings */,
				C4A8688019A4819F00145917 /* main.m */,
				C4A8688219A4819F00145917 /* SoftModemTerminal-Prefix.pch */,
			);
			name = "Supporting Files";
			sourceTree = "<group>";
		};
		C4A8689919A4819F00145917 /* SoftModemTerminalTests */ = {
			isa = PBXGroup;
			children = (
				C4A8689F19A4819F00145917 /* SoftModemTerminalTests.m */,
				C4A8689A19A4819F00145917 /* Supporting Files */,
			);
			path = SoftModemTerminalTests;
			sourceTree = "<group>";
		};
		C4A8689A19A4819F00145917 /* Supporting Files */ = {
			isa = PBXGroup;
			children = (
				C4A8689B19A4819F00145917 /* SoftModemTerminalTests-Info.plist */,
				C4A8689C19A4819F00145917 /* InfoPlist.strings */,
			);
			name = "Supporting Files";
			sourceTree = "<group>";
		};
/* End PBXGroup section */

/* Begin PBXNativeTarget section */
		C4A8687019A4819F00145917 /* SoftModemTerminal */ = {
			isa = PBXNativeTarget;
			buildConfigurationList = C4A868A319A4819F00145917 /* Build configuration list for PBXNativeTarget "SoftModemTerminal" */;
			buildPhases = (
				C4A8686D19A4819F00145917 /* Sources */,
				C4A8686E19A4819F00145917 /* Frameworks */,
				C4A8686F19A4819F00145917 /* Resources */,
			);
			buildRules = (
			);
			dependencies = (
			);
			name = SoftModemTerminal;
			productName = SoftModemTerminal;
			productReference = C4A8687119A4819F00145917 /* SoftModemTerminal.app */;
			productType = "com.apple.product-type.application";
		};
		C4A8689119A4819F00145917 /* SoftModemTerminalTests */ = {
			isa = PBXNativeTarget;
			buildConfigurationList = C4A868A619A4819F00145917 /* Build configuration list for PBXNativeTarget "SoftModemTerminalTests" */;
			buildPhases = (
				C4A8688E19A4819F00145917 /* Sources */,
				C4A8688F19A4819F00145917 /* Frameworks */,
				C4A8689019A4819F00145917 /* Resources */,
			);
			buildRules = (
			);
			dependencies = (
				C4A8689819A4819F00145917 /* PBXTargetDependency */,
			);
			name = SoftModemTerminalTests;
			productName = SoftModemTerminalTests;
			productReference = C4A8689219A4819F00145917 /* SoftModemTerminalTests.xctest */;
			productType = "com.apple.product-type.bundle.unit-test";
		};
/* End PBXNativeTarget section */

/* Begin PBXProject section */
		C4A8686919A4819F00145917 /* Project object */ = {
			isa = PBXProject;
			attributes = {
				LastUpgradeCheck = 0510;
				ORGANIZATIONNAME = noviiro;
				TargetAttributes = {
					C4A8687019A4819F00145917 = {
						DevelopmentTeam = JF5CK28GNR;
					};
					C4A8689119A4819F00145917 = {
						TestTargetID = C4A8687019A4819F00145917;
					};
				};
			};
			buildConfigurationList = C4A8686C19A4819F00145917 /* Build configuration list for PBXProject "SoftModemTerminal" */;
			compatibilityVersion = "Xcode 3.2";
			developmentRegion = English;
			hasScannedForEncodings = 0;
			knownRegions = (
				en,
				Base,
			);
			mainGroup = C4A8686819A4819F00145917;
			productRefGroup = C4A8687219A4819F00145917 /* Products */;
			projectDirPath = "";
			projectRoot = "";
			targets = (
				C4A8687019A4819F00145917 /* SoftModemTerminal */,
				C4A8689119A4819F00145917 /* SoftModemTerminalTests */,
			);
		};
/* End PBXProject section */

/* Begin PBXResourcesBuildPhase section */
		C4A8686F19A4819F00145917 /* Resources */ = {
			isa = PBXResourcesBuildPhase;
			buildActionMask = 2147483647;
			files = (
				C4A868CF19A481DB00145917 /* FlipsideView.xib in Resources */,
				C4A8688D19A4819F00145917 /* Images.xcassets in Resources */,
				C4A868D219A481DB00145917 /* MainWindow.xib in Resources */,
				C4A8687F19A4819F00145917 /* InfoPlist.strings in Resources */,
				C4A8688819A4819F00145917 /* Main.storyboard in Resources */,
				C4A868D319A481DB00145917 /* SoftModemTerminal-Info.plist in Resources */,
				C4A868D119A481DB00145917 /* MainView.xib in Resources */,
			);
			runOnlyForDeploymentPostprocessing = 0;
		};
		C4A8689019A4819F00145917 /* Resources */ = {
			isa = PBXResourcesBuildPhase;
			buildActionMask = 2147483647;
			files = (
				C4A8689E19A4819F00145917 /* InfoPlist.strings in Resources */,
			);
			runOnlyForDeploymentPostprocessing = 0;
		};
/* End PBXResourcesBuildPhase section */

/* Begin PBXSourcesBuildPhase section */
		C4A8686D19A4819F00145917 /* Sources */ = {
			isa = PBXSourcesBuildPhase;
			buildActionMask = 2147483647;
			files = (
				C4A868D019A481DB00145917 /* main.m in Sources */,
				C4A868CB19A481DB00145917 /* FSKSerialGenerator.mm in Sources */,
				C4A8688B19A4819F00145917 /* ViewController.m in Sources */,
				C4A868CD19A481DB00145917 /* MultiDelegate.m in Sources */,
				C4A868C919A481DB00145917 /* FlipsideViewController.m in Sources */,
				C4A868CC19A481DB00145917 /* MainViewController.m in Sources */,
				C4A8688519A4819F00145917 /* AppDelegate.m in Sources */,
				C4A8688119A4819F00145917 /* main.m in Sources */,
				C4A868CA19A481DB00145917 /* FSKRecognizer.mm in Sources */,
				C4A868C619A481DB00145917 /* AudioQueueObject.m in Sources */,
				C4A868C819A481DB00145917 /* AudioSignalGenerator.m in Sources */,
				C4A868C719A481DB00145917 /* AudioSignalAnalyzer.m in Sources */,
				C4A868CE19A481DB00145917 /* SoftModemTerminalAppDelegate.m in Sources */,
			);
			runOnlyForDeploymentPostprocessing = 0;
		};
		C4A8688E19A4819F00145917 /* Sources */ = {
			isa = PBXSourcesBuildPhase;
			buildActionMask = 2147483647;
			files = (
				C4A868A019A4819F00145917 /* SoftModemTerminalTests.m in Sources */,
			);
			runOnlyForDeploymentPostprocessing = 0;
		};
/* End PBXSourcesBuildPhase section */

/* Begin PBXTargetDependency section */
		C4A8689819A4819F00145917 /* PBXTargetDependency */ = {
			isa = PBXTargetDependency;
			target = C4A8687019A4819F00145917 /* SoftModemTerminal */;
			targetProxy = C4A8689719A4819F00145917 /* PBXContainerItemProxy */;
		};
/* End PBXTargetDependency section */

/* Begin PBXVariantGroup section */
		C4A8687D19A4819F00145917 /* InfoPlist.strings */ = {
			isa = PBXVariantGroup;
			children = (
				C4A8687E19A4819F00145917 /* en */,
			);
			name = InfoPlist.strings;
			sourceTree = "<group>";
		};
		C4A8688619A4819F00145917 /* Main.storyboard */ = {
			isa = PBXVariantGroup;
			children = (
				C4A8688719A4819F00145917 /* Base */,
			);
			name = Main.storyboard;
			sourceTree = "<group>";
		};
		C4A8689C19A4819F00145917 /* InfoPlist.strings */ = {
			isa = PBXVariantGroup;
			children = (
				C4A8689D19A4819F00145917 /* en */,
			);
			name = InfoPlist.strings;
			sourceTree = "<group>";
		};
/* End PBXVariantGroup section */

/* Begin XCBuildConfiguration section */
		C4A868A119A4819F00145917 /* Debug */ = {
			isa = XCBuildConfiguration;
			buildSettings = {
				ALWAYS_SEARCH_USER_PATHS = NO;
				CLANG_CXX_LANGUAGE_STANDARD = "gnu++0x";
				CLANG_CXX_LIBRARY = "libc++";
				CLANG_ENABLE_MODULES = YES;
				CLANG_ENABLE_OBJC_ARC = YES;
				CLANG_WARN_BOOL_CONVERSION = YES;
				CLANG_WARN_CONSTANT_CONVERSION = YES;
				CLANG_WARN_DIRECT_OBJC_ISA_USAGE = YES_ERROR;
				CLANG_WARN_EMPTY_BODY = YES;
				CLANG_WARN_ENUM_CONVERSION = YES;
				CLANG_WARN_INT_CONVERSION = YES;
				CLANG_WARN_OBJC_ROOT_CLASS = YES_ERROR;
				CLANG_WARN__DUPLICATE_METHOD_MATCH = YES;
				"CODE_SIGN_IDENTITY[sdk=iphoneos*]" = "iPhone Developer";
				COPY_PHASE_STRIP = NO;
				GCC_C_LANGUAGE_STANDARD = gnu99;
				GCC_DYNAMIC_NO_PIC = NO;
				GCC_OPTIMIZATION_LEVEL = 0;
				GCC_PREPROCESSOR_DEFINITIONS = (
					"DEBUG=1",
					"$(inherited)",
				);
				GCC_SYMBOLS_PRIVATE_EXTERN = NO;
				GCC_WARN_64_TO_32_BIT_CONVERSION = YES;
				GCC_WARN_ABOUT_RETURN_TYPE = YES_ERROR;
				GCC_WARN_UNDECLARED_SELECTOR = YES;
				GCC_WARN_UNINITIALIZED_AUTOS = YES_AGGRESSIVE;
				GCC_WARN_UNUSED_FUNCTION = YES;
				GCC_WARN_UNUSED_VARIABLE = YES;
				IPHONEOS_DEPLOYMENT_TARGET = 7.1;
				ONLY_ACTIVE_ARCH = YES;
				SDKROOT = iphoneos;
			};
			name = Debug;
		};
		C4A868A219A4819F00145917 /* Release */ = {
			isa = XCBuildConfiguration;
			buildSettings = {
				ALWAYS_SEARCH_USER_PATHS = NO;
				CLANG_CXX_LANGUAGE_STANDARD = "gnu++0x";
				CLANG_CXX_LIBRARY = "libc++";
				CLANG_ENABLE_MODULES = YES;
				CLANG_ENABLE_OBJC_ARC = YES;
				CLANG_WARN_BOOL_CONVERSION = YES;
				CLANG_WARN_CONSTANT_CONVERSION = YES;
				CLANG_WARN_DIRECT_OBJC_ISA_USAGE = YES_ERROR;
				CLANG_WARN_EMPTY_BODY = YES;
				CLANG_WARN_ENUM_CONVERSION = YES;
				CLANG_WARN_INT_CONVERSION = YES;
				CLANG_WARN_OBJC_ROOT_CLASS = YES_ERROR;
				CLANG_WARN__DUPLICATE_METHOD_MATCH = YES;
				"CODE_SIGN_IDENTITY[sdk=iphoneos*]" = "iPhone Developer";
				COPY_PHASE_STRIP = YES;
				ENABLE_NS_ASSERTIONS = NO;
				GCC_C_LANGUAGE_STANDARD = gnu99;
				GCC_WARN_64_TO_32_BIT_CONVERSION = YES;
				GCC_WARN_ABOUT_RETURN_TYPE = YES_ERROR;
				GCC_WARN_UNDECLARED_SELECTOR = YES;
				GCC_WARN_UNINITIALIZED_AUTOS = YES_AGGRESSIVE;
				GCC_WARN_UNUSED_FUNCTION = YES;
				GCC_WARN_UNUSED_VARIABLE = YES;
				IPHONEOS_DEPLOYMENT_TARGET = 7.1;
				SDKROOT = iphoneos;
				VALIDATE_PRODUCT = YES;
			};
			name = Release;
		};
		C4A868A419A4819F00145917 /* Debug */ = {
			isa = XCBuildConfiguration;
			buildSettings = {
				ASSETCATALOG_COMPILER_APPICON_NAME = AppIcon;
				ASSETCATALOG_COMPILER_LAUNCHIMAGE_NAME = LaunchImage;
				CLANG_ENABLE_OBJC_ARC = NO;
				CODE_SIGN_IDENTITY = "iPhone Developer";
				GCC_PRECOMPILE_PREFIX_HEADER = YES;
				GCC_PREFIX_HEADER = "SoftModemTerminal/SoftModemTerminal-Prefix.pch";
				INFOPLIST_FILE = "SoftModemTerminal/SoftModemTerminal-Info.plist";
				IPHONEOS_DEPLOYMENT_TARGET = 7.1;
				PRODUCT_NAME = "$(TARGET_NAME)";
				TARGETED_DEVICE_FAMILY = 1;
				WRAPPER_EXTENSION = app;
			};
			name = Debug;
		};
		C4A868A519A4819F00145917 /* Release */ = {
			isa = XCBuildConfiguration;
			buildSettings = {
				ASSETCATALOG_COMPILER_APPICON_NAME = AppIcon;
				ASSETCATALOG_COMPILER_LAUNCHIMAGE_NAME = LaunchImage;
				CLANG_ENABLE_OBJC_ARC = NO;
				CODE_SIGN_IDENTITY = "iPhone Developer";
				GCC_PRECOMPILE_PREFIX_HEADER = YES;
				GCC_PREFIX_HEADER = "SoftModemTerminal/SoftModemTerminal-Prefix.pch";
				INFOPLIST_FILE = "SoftModemTerminal/SoftModemTerminal-Info.plist";
				IPHONEOS_DEPLOYMENT_TARGET = 7.1;
				PRODUCT_NAME = "$(TARGET_NAME)";
				TARGETED_DEVICE_FAMILY = 1;
				WRAPPER_EXTENSION = app;
			};
			name = Release;
		};
		C4A868A719A4819F00145917 /* Debug */ = {
			isa = XCBuildConfiguration;
			buildSettings = {
				BUNDLE_LOADER = "$(BUILT_PRODUCTS_DIR)/SoftModemTerminal.app/SoftModemTerminal";
				FRAMEWORK_SEARCH_PATHS = (
					"$(SDKROOT)/Developer/Library/Frameworks",
					"$(inherited)",
					"$(DEVELOPER_FRAMEWORKS_DIR)",
				);
				GCC_PRECOMPILE_PREFIX_HEADER = YES;
				GCC_PREFIX_HEADER = "SoftModemTerminal/SoftModemTerminal-Prefix.pch";
				GCC_PREPROCESSOR_DEFINITIONS = (
					"DEBUG=1",
					"$(inherited)",
				);
				INFOPLIST_FILE = "SoftModemTerminalTests/SoftModemTerminalTests-Info.plist";
				PRODUCT_NAME = "$(TARGET_NAME)";
				TEST_HOST = "$(BUNDLE_LOADER)";
				WRAPPER_EXTENSION = xctest;
			};
			name = Debug;
		};
		C4A868A819A4819F00145917 /* Release */ = {
			isa = XCBuildConfiguration;
			buildSettings = {
				BUNDLE_LOADER = "$(BUILT_PRODUCTS_DIR)/SoftModemTerminal.app/SoftModemTerminal";
				FRAMEWORK_SEARCH_PATHS = (
					"$(SDKROOT)/Developer/Library/Frameworks",
					"$(inherited)",
					"$(DEVELOPER_FRAMEWORKS_DIR)",
				);
				GCC_PRECOMPILE_PREFIX_HEADER = YES;
				GCC_PREFIX_HEADER = "SoftModemTerminal/SoftModemTerminal-Prefix.pch";
				INFOPLIST_FILE = "SoftModemTerminalTests/SoftModemTerminalTests-Info.plist";
				PRODUCT_NAME = "$(TARGET_NAME)";
				TEST_HOST = "$(BUNDLE_LOADER)";
				WRAPPER_EXTENSION = xctest;
			};
			name = Release;
		};
/* End XCBuildConfiguration section */

/* Begin XCConfigurationList section */
		C4A8686C19A4819F00145917 /* Build configuration list for PBXProject "SoftModemTerminal" */ = {
			isa = XCConfigurationList;
			buildConfigurations = (
				C4A868A119A4819F00145917 /* Debug */,
				C4A868A219A4819F00145917 /* Release */,
			);
			defaultConfigurationIsVisible = 0;
			defaultConfigurationName = Release;
		};
		C4A868A319A4819F00145917 /* Build configuration list for PBXNativeTarget "SoftModemTerminal" */ = {
			isa = XCConfigurationList;
			buildConfigurations = (
				C4A868A419A4819F00145917 /* Debug */,
				C4A868A519A4819F00145917 /* Release */,
			);
			defaultConfigurationIsVisible = 0;
		};
		C4A868A619A4819F00145917 /* Build configuration list for PBXNativeTarget "SoftModemTerminalTests" */ = {
			isa = XCConfigurationList;
			buildConfigurations = (
				C4A868A719A4819F00145917 /* Debug */,
				C4A868A819A4819F00145917 /* Release */,
			);
			defaultConfigurationIsVisible = 0;
		};
/* End XCConfigurationList section */
	};
	rootObject = C4A8686919A4819F00145917 /* Project object */;
}
